<?xml version="1.0" encoding="utf-8"?>
<Project ToolsVersion="4.0" xmlns="http://schemas.microsoft.com/developer/msbuild/2003">
  <ItemGroup>
    <ClCompile Include="Sources\Filesystem\Directory.cpp" />
    <ClCompile Include="Sources\Filesystem\File.cpp" />
    <ClCompile Include="Sources\Core\System\Console.cpp" />
    <ClCompile Include="Sources\Core\Debug\Log.cpp" />
    <ClCompile Include="Sources\PicturaPCH.cpp" />
    <ClCompile Include="Sources\Core\Timers\DateTime.cpp" />
    <ClCompile Include="Sources\Core\System\Application.cpp" />
    <ClCompile Include="Sources\Core\System\Runtime.cpp" />
    <ClCompile Include="Sources\Widgets\Window\Window.cpp" />
    <ClCompile Include="Sources\Core\Rendering\Vulkan\VKCommandPool.cpp" />
    <ClCompile Include="Sources\Core\Rendering\Vulkan\VKCommandBuffer.cpp" />
    <ClCompile Include="Sources\Threading\Thread.cpp" />
    <ClCompile Include="Libraries\Src\gl.c" />
    <ClCompile Include="Sources\Core\Rendering\Graphics\Color.cpp" />
    <ClCompile Include="Libraries\Src\vulkan.c" />
  </ItemGroup>
  <ItemGroup>
    <ClInclude Include="Sources\Core\CoreException.h" />
    <ClInclude Include="Sources\Core\Exceptions\IOException.h" />
    <ClInclude Include="Sources\Core\Exceptions\Exception.h" />
    <ClInclude Include="Sources\Core\Exceptions\TypeException.h" />
    <ClInclude Include="Sources\Filesystem\Directory.h" />
    <ClInclude Include="Sources\Filesystem\File.h" />
    <ClInclude Include="Sources\Core\System\Console.h" />
    <ClInclude Include="Sources\Core\Core.h" />
    <ClInclude Include="Sources\Core\Debug\Log.h" />
    <ClInclude Include="Sources\Maths\Size.h" />
    <ClInclude Include="Sources\Pictura.h" />
    <ClInclude Include="Sources\PicturaPCH.h" />
    <ClInclude Include="Sources\PicturaTypes.h" />
    <ClInclude Include="Sources\Core\Timers\DateTime.h" />
    <ClInclude Include="Sources\Core\Events\Event.h" />
    <ClInclude Include="Sources\Core\System\Application.h" />
    <ClInclude Include="Sources\Core\System\EntryPoint.h" />
    <ClInclude Include="Sources\Core\Events\EventsArgs\EventArgs.h" />
    <ClInclude Include="Sources\Core\Events\EventsArgs\StartupEventArgs.h" />
    <ClInclude Include="Sources\Core\System\Runtime.h" />
    <ClInclude Include="Sources\Widgets\Window\Window.h" />
    <ClInclude Include="Sources\Core\Rendering\Renderer.h" />
    <ClInclude Include="Sources\Core\Rendering\Vulkan\VKRenderer.h" />
    <ClInclude Include="Sources\Core\PlatformMacro.h" />
    <ClInclude Include="Sources\Core\Exceptions\InvalidOperationException.h" />
    <ClInclude Include="Sources\Core\Exceptions\RendererException.h" />
    <ClInclude Include="Sources\Core\Rendering\CommandPool.h" />
    <ClInclude Include="Sources\Core\Rendering\Vulkan\VKCommandPool.h" />
    <ClInclude Include="Sources\Core\Rendering\Vulkan\VKCommandBuffer.h" />
    <ClInclude Include="Sources\Core\Rendering\CommandBuffer.h" />
    <ClInclude Include="Sources\Threading\Thread.h" />
    <ClInclude Include="Sources\Core\Exceptions\ThreadException.h" />
    <ClInclude Include="Sources\Maths\Convert.h" />
    <ClInclude Include="Sources\Core\Exceptions\WinException.h" />
    <ClInclude Include="Libraries\Includes\GLFW\glfw3.h" />
    <ClInclude Include="Libraries\Includes\GLFW\glfw3native.h" />
    <ClInclude Include="Sources\Core\Rendering\OpenGL\GLRenderer.h" />
    <ClInclude Include="Libraries\Includes\glad\gl.h" />
    <ClInclude Include="Libraries\Includes\KHR\khrplatform.h" />
    <ClInclude Include="Sources\Core\System\Property.h" />
    <ClInclude Include="Sources\Core\Exceptions\MemoryException.h" />
    <ClInclude Include="Sources\Widgets\Widget.h" />
    <ClInclude Include="Sources\Maths\Position.h" />
    <ClInclude Include="Sources\Core\Rendering\Graphics\Color.h" />
    <ClInclude Include="Sources\Widgets\Label\Label.h" />
    <ClInclude Include="Libraries\Includes\glad\vk_platform.h" />
    <ClInclude Include="Libraries\Includes\glad\vulkan.h" />
  </ItemGroup>
  <ItemGroup>
    <None Include="cpp.hint" />
  </ItemGroup>
</Project>